
Microsoft Visual Studio Solution File, Format Version 12.00
# Visual Studio Version 17
VisualStudioVersion = 17.1.32210.238
MinimumVisualStudioVersion = 10.0.40219.1
Project("{FAE04EC0-301F-11D3-BF4B-00C04F79EFBC}") = "Restsharp-Nunit", "Restsharp-Nunit\Restsharp-Nunit.csproj", "{B3731BAA-DE3C-4405-8614-CFD02CA38B99}"
EndProject
Global
	GlobalSection(SolutionConfigurationPlatforms) = preSolution
		Debug|Any CPU = Debug|Any CPU
		Release|Any CPU = Release|Any CPU
	EndGlobalSection
	GlobalSection(ProjectConfigurationPlatforms) = postSolution
		{B3731BAA-DE3C-4405-8614-CFD02CA38B99}.Debug|Any CPU.ActiveCfg = Debug|Any CPU
		{B3731BAA-DE3C-4405-8614-CFD02CA38B99}.Debug|Any CPU.Build.0 = Debug|Any CPU
		{B3731BAA-DE3C-4405-8614-CFD02CA38B99}.Release|Any CPU.ActiveCfg = Release|Any CPU
		{B3731BAA-DE3C-4405-8614-CFD02CA38B99}.Release|Any CPU.Build.0 = Release|Any CPU
	EndGlobalSection
	GlobalSection(SolutionProperties) = preSolution
		HideSolutionNode = FALSE
	EndGlobalSection
	GlobalSection(ExtensibilityGlobals) = postSolution
		SolutionGuid = {24A50761-7E8A-4769-8BC1-94D175EB9DBD}
	EndGlobalSection
EndGlobal
